{
  "name": "helloworld",
  "version": "1.0.0",
  "lockfileVersion": 1,
  "requires": true,
  "dependencies": {
    "wux-weapp": {
      "version": "3.7.1",
      "resolved": "https://registry.npmjs.org/wux-weapp/-/wux-weapp-3.7.1.tgz",
      "integrity": "sha512-3Rdj7BTLV2BK0LLbhsbOgQbItyIvoCm7BBvqJ8tOGz3EZ+CL7Epp2Co2bbJr1u3WySnSsRmr2DDnsvaYyu93OQ=="
    }
  }
}
